// !$*UTF8*$!
{
	archiveVersion = 1;
	classes = {
	};
	objectVersion = 51;
	objects = {

/* Begin PBXBuildFile section */
		5438F5C32563FE3000D12E18 /* AppDelegate.swift in Sources */ = {isa = PBXBuildFile; fileRef = 5438F5C22563FE3000D12E18 /* AppDelegate.swift */; };
		5438F5C52563FE3000D12E18 /* SceneDelegate.swift in Sources */ = {isa = PBXBuildFile; fileRef = 5438F5C42563FE3000D12E18 /* SceneDelegate.swift */; };
		5438F5C72563FE3000D12E18 /* ViewController.swift in Sources */ = {isa = PBXBuildFile; fileRef = 5438F5C62563FE3000D12E18 /* ViewController.swift */; };
		5438F5CA2563FE3000D12E18 /* Main.storyboard in Resources */ = {isa = PBXBuildFile; fileRef = 5438F5C82563FE3000D12E18 /* Main.storyboard */; };
		5438F5CC2563FE3100D12E18 /* Assets.xcassets in Resources */ = {isa = PBXBuildFile; fileRef = 5438F5CB2563FE3100D12E18 /* Assets.xcassets */; };
		5438F5CF2563FE3100D12E18 /* LaunchScreen.storyboard in Resources */ = {isa = PBXBuildFile; fileRef = 5438F5CD2563FE3100D12E18 /* LaunchScreen.storyboard */; };
		5438F5DA2564028F00D12E18 /* schema.json in Resources */ = {isa = PBXBuildFile; fileRef = 5438F5D92564028F00D12E18 /* schema.json */; };
		5438F5DD256403A200D12E18 /* PokemonList.graphql in Resources */ = {isa = PBXBuildFile; fileRef = 5438F5DC256403A200D12E18 /* PokemonList.graphql */; };
		5438F5DF2564041000D12E18 /* API.swift in Sources */ = {isa = PBXBuildFile; fileRef = 5438F5DE2564041000D12E18 /* API.swift */; };
		5438F5E22564046800D12E18 /* Network.swift in Sources */ = {isa = PBXBuildFile; fileRef = 5438F5E12564046800D12E18 /* Network.swift */; };
		635E84D8140AA48E8919365A /* Pods_PokemonList.framework in Frameworks */ = {isa = PBXBuildFile; fileRef = 82FCD5FD445D0E257E9DE598 /* Pods_PokemonList.framework */; };
/* End PBXBuildFile section */

/* Begin PBXFileReference section */
		2CDED7876ED4BB3A831923E1 /* Pods-PokemonList.debug.xcconfig */ = {isa = PBXFileReference; includeInIndex = 1; lastKnownFileType = text.xcconfig; name = "Pods-PokemonList.debug.xcconfig"; path = "Target Support Files/Pods-PokemonList/Pods-PokemonList.debug.xcconfig"; sourceTree = "<group>"; };
		5438F5BF2563FE3000D12E18 /* PokemonList.app */ = {isa = PBXFileReference; explicitFileType = wrapper.application; includeInIndex = 0; path = PokemonList.app; sourceTree = BUILT_PRODUCTS_DIR; };
		5438F5C22563FE3000D12E18 /* AppDelegate.swift */ = {isa = PBXFileReference; lastKnownFileType = sourcecode.swift; path = AppDelegate.swift; sourceTree = "<group>"; };
		5438F5C42563FE3000D12E18 /* SceneDelegate.swift */ = {isa = PBXFileReference; lastKnownFileType = sourcecode.swift; path = SceneDelegate.swift; sourceTree = "<group>"; };
		5438F5C62563FE3000D12E18 /* ViewController.swift */ = {isa = PBXFileReference; lastKnownFileType = sourcecode.swift; path = ViewController.swift; sourceTree = "<group>"; };
		5438F5C92563FE3000D12E18 /* Base */ = {isa = PBXFileReference; lastKnownFileType = file.storyboard; name = Base; path = Base.lproj/Main.storyboard; sourceTree = "<group>"; };
		5438F5CB2563FE3100D12E18 /* Assets.xcassets */ = {isa = PBXFileReference; lastKnownFileType = folder.assetcatalog; path = Assets.xcassets; sourceTree = "<group>"; };
		5438F5CE2563FE3100D12E18 /* Base */ = {isa = PBXFileReference; lastKnownFileType = file.storyboard; name = Base; path = Base.lproj/LaunchScreen.storyboard; sourceTree = "<group>"; };
		5438F5D02563FE3100D12E18 /* Info.plist */ = {isa = PBXFileReference; lastKnownFileType = text.plist.xml; path = Info.plist; sourceTree = "<group>"; };
		5438F5D92564028F00D12E18 /* schema.json */ = {isa = PBXFileReference; fileEncoding = 4; lastKnownFileType = text.json; path = schema.json; sourceTree = "<group>"; };
		5438F5DC256403A200D12E18 /* PokemonList.graphql */ = {isa = PBXFileReference; lastKnownFileType = text; path = PokemonList.graphql; sourceTree = "<group>"; };
		5438F5DE2564041000D12E18 /* API.swift */ = {isa = PBXFileReference; fileEncoding = 4; lastKnownFileType = sourcecode.swift; path = API.swift; sourceTree = "<group>"; };
		5438F5E12564046800D12E18 /* Network.swift */ = {isa = PBXFileReference; lastKnownFileType = sourcecode.swift; path = Network.swift; sourceTree = "<group>"; };
		682612B8706268CF206845CF /* Pods-PokemonList.release.xcconfig */ = {isa = PBXFileReference; includeInIndex = 1; lastKnownFileType = text.xcconfig; name = "Pods-PokemonList.release.xcconfig"; path = "Target Support Files/Pods-PokemonList/Pods-PokemonList.release.xcconfig"; sourceTree = "<group>"; };
		82FCD5FD445D0E257E9DE598 /* Pods_PokemonList.framework */ = {isa = PBXFileReference; explicitFileType = wrapper.framework; includeInIndex = 0; path = Pods_PokemonList.framework; sourceTree = BUILT_PRODUCTS_DIR; };
/* End PBXFileReference section */

/* Begin PBXFrameworksBuildPhase section */
		5438F5BC2563FE3000D12E18 /* Frameworks */ = {
			isa = PBXFrameworksBuildPhase;
			buildActionMask = 2147483647;
			files = (
				635E84D8140AA48E8919365A /* Pods_PokemonList.framework in Frameworks */,
			);
			runOnlyForDeploymentPostprocessing = 0;
		};
/* End PBXFrameworksBuildPhase section */

/* Begin PBXGroup section */
		2A0B4B1B543FBED9DB591986 /* Frameworks */ = {
			isa = PBXGroup;
			children = (
				82FCD5FD445D0E257E9DE598 /* Pods_PokemonList.framework */,
			);
			name = Frameworks;
			sourceTree = "<group>";
		};
		5438F5B62563FE3000D12E18 = {
			isa = PBXGroup;
			children = (
				5438F5C12563FE3000D12E18 /* PokemonList */,
				5438F5C02563FE3000D12E18 /* Products */,
				839616E665A855A001580110 /* Pods */,
				2A0B4B1B543FBED9DB591986 /* Frameworks */,
			);
			sourceTree = "<group>";
		};
		5438F5C02563FE3000D12E18 /* Products */ = {
			isa = PBXGroup;
			children = (
				5438F5BF2563FE3000D12E18 /* PokemonList.app */,
			);
			name = Products;
			sourceTree = "<group>";
		};
		5438F5C12563FE3000D12E18 /* PokemonList */ = {
			isa = PBXGroup;
			children = (
				5438F5E02564044500D12E18 /* GraphQL */,
				5438F5C22563FE3000D12E18 /* AppDelegate.swift */,
				5438F5C42563FE3000D12E18 /* SceneDelegate.swift */,
				5438F5C62563FE3000D12E18 /* ViewController.swift */,
				5438F5C82563FE3000D12E18 /* Main.storyboard */,
				5438F5CB2563FE3100D12E18 /* Assets.xcassets */,
				5438F5CD2563FE3100D12E18 /* LaunchScreen.storyboard */,
				5438F5D02563FE3100D12E18 /* Info.plist */,
			);
			path = PokemonList;
			sourceTree = "<group>";
		};
		5438F5E02564044500D12E18 /* GraphQL */ = {
			isa = PBXGroup;
			children = (
				5438F5D92564028F00D12E18 /* schema.json */,
				5438F5DC256403A200D12E18 /* PokemonList.graphql */,
				5438F5DE2564041000D12E18 /* API.swift */,
				5438F5E12564046800D12E18 /* Network.swift */,
			);
			path = GraphQL;
			sourceTree = "<group>";
		};
		839616E665A855A001580110 /* Pods */ = {
			isa = PBXGroup;
			children = (
				2CDED7876ED4BB3A831923E1 /* Pods-PokemonList.debug.xcconfig */,
				682612B8706268CF206845CF /* Pods-PokemonList.release.xcconfig */,
			);
			path = Pods;
			sourceTree = "<group>";
		};
/* End PBXGroup section */

/* Begin PBXNativeTarget section */
		5438F5BE2563FE3000D12E18 /* PokemonList */ = {
			isa = PBXNativeTarget;
			buildConfigurationList = 5438F5D32563FE3100D12E18 /* Build configuration list for PBXNativeTarget "PokemonList" */;
			buildPhases = (
				5438F5DB2564029A00D12E18 /* Apollo CLI */,
				1D4FD6A9E1D0C56CC1249F91 /* [CP] Check Pods Manifest.lock */,
				5438F5BB2563FE3000D12E18 /* Sources */,
				5438F5BC2563FE3000D12E18 /* Frameworks */,
				5438F5BD2563FE3000D12E18 /* Resources */,
				B9A1365F0D0E173915DE7AA3 /* [CP] Embed Pods Frameworks */,
			);
			buildRules = (
			);
			dependencies = (
			);
			name = PokemonList;
			productName = PokemonList;
			productReference = 5438F5BF2563FE3000D12E18 /* PokemonList.app */;
			productType = "com.apple.product-type.application";
		};
/* End PBXNativeTarget section */

/* Begin PBXProject section */
		5438F5B72563FE3000D12E18 /* Project object */ = {
			isa = PBXProject;
			attributes = {
				LastSwiftUpdateCheck = 1160;
				LastUpgradeCheck = 1160;
				ORGANIZATIONNAME = "David";
				TargetAttributes = {
					5438F5BE2563FE3000D12E18 = {
						CreatedOnToolsVersion = 11.6;
					};
				};
			};
			buildConfigurationList = 5438F5BA2563FE3000D12E18 /* Build configuration list for PBXProject "PokemonList" */;
			compatibilityVersion = "Xcode 9.3";
			developmentRegion = en;
			hasScannedForEncodings = 0;
			knownRegions = (
				en,
				Base,
			);
			mainGroup = 5438F5B62563FE3000D12E18;
			productRefGroup = 5438F5C02563FE3000D12E18 /* Products */;
			projectDirPath = "";
			projectRoot = "";
			targets = (
				5438F5BE2563FE3000D12E18 /* PokemonList */,
			);
		};
/* End PBXProject section */

/* Begin PBXResourcesBuildPhase section */
		5438F5BD2563FE3000D12E18 /* Resources */ = {
			isa = PBXResourcesBuildPhase;
			buildActionMask = 2147483647;
			files = (
				5438F5DA2564028F00D12E18 /* schema.json in Resources */,
				5438F5DD256403A200D12E18 /* PokemonList.graphql in Resources */,
				5438F5CF2563FE3100D12E18 /* LaunchScreen.storyboard in Resources */,
				5438F5CC2563FE3100D12E18 /* Assets.xcassets in Resources */,
				5438F5CA2563FE3000D12E18 /* Main.storyboard in Resources */,
			);
			runOnlyForDeploymentPostprocessing = 0;
		};
/* End PBXResourcesBuildPhase section */

/* Begin PBXShellScriptBuildPhase section */
		1D4FD6A9E1D0C56CC1249F91 /* [CP] Check Pods Manifest.lock */ = {
			isa = PBXShellScriptBuildPhase;
			buildActionMask = 2147483647;
			files = (
			);
			inputFileListPaths = (
			);
			inputPaths = (
				"${PODS_PODFILE_DIR_PATH}/Podfile.lock",
				"${PODS_ROOT}/Manifest.lock",
			);
			name = "[CP] Check Pods Manifest.lock";
			outputFileListPaths = (
			);
			outputPaths = (
				"$(DERIVED_FILE_DIR)/Pods-PokemonList-checkManifestLockResult.txt",
			);
			runOnlyForDeploymentPostprocessing = 0;
			shellPath = /bin/sh;
			shellScript = "diff \"${PODS_PODFILE_DIR_PATH}/Podfile.lock\" \"${PODS_ROOT}/Manifest.lock\" > /dev/null\nif [ $? != 0 ] ; then\n    # print error to STDERR\n    echo \"error: The sandbox is not in sync with the Podfile.lock. Run 'pod install' or update your CocoaPods installation.\" >&2\n    exit 1\nfi\n# This output is used by Xcode 'outputs' to avoid re-running this script phase.\necho \"SUCCESS\" > \"${SCRIPT_OUTPUT_FILE_0}\"\n";
			showEnvVarsInLog = 0;
		};
		5438F5DB2564029A00D12E18 /* Apollo CLI */ = {
			isa = PBXShellScriptBuildPhase;
			buildActionMask = 2147483647;
			files = (
			);
			inputFileListPaths = (
			);
			inputPaths = (
			);
			name = "Apollo CLI";
			outputFileListPaths = (
			);
			outputPaths = (
			);
			runOnlyForDeploymentPostprocessing = 0;
			shellPath = /bin/sh;
			shellScript = "SCRIPT_PATH=\"${PODS_ROOT}/Apollo/scripts\"\ncd \"${SRCROOT}/${TARGET_NAME}\"\n\"${SCRIPT_PATH}\"/run-bundled-codegen.sh codegen:generate --target=swift --includes=./**/*.graphql --localSchemaFile=\"schema.json\" API.swift\n";
		};
		B9A1365F0D0E173915DE7AA3 /* [CP] Embed Pods Frameworks */ = {
			isa = PBXShellScriptBuildPhase;
			buildActionMask = 2147483647;
			files = (
			);
			inputFileListPaths = (
				"${PODS_ROOT}/Target Support Files/Pods-PokemonList/Pods-PokemonList-frameworks-${CONFIGURATION}-input-files.xcfilelist",
			);
			name = "[CP] Embed Pods Frameworks";
			outputFileListPaths = (
				"${PODS_ROOT}/Target Support Files/Pods-PokemonList/Pods-PokemonList-frameworks-${CONFIGURATION}-output-files.xcfilelist",
			);
			runOnlyForDeploymentPostprocessing = 0;
			shellPath = /bin/sh;
			shellScript = "\"${PODS_ROOT}/Target Support Files/Pods-PokemonList/Pods-PokemonList-frameworks.sh\"\n";
			showEnvVarsInLog = 0;
		};
/* End PBXShellScriptBuildPhase section */

/* Begin PBXSourcesBuildPhase section */
		5438F5BB2563FE3000D12E18 /* Sources */ = {
			isa = PBXSourcesBuildPhase;
			buildActionMask = 2147483647;
			files = (
				5438F5E22564046800D12E18 /* Network.swift in Sources */,
				5438F5C72563FE3000D12E18 /* ViewController.swift in Sources */,
				5438F5C32563FE3000D12E18 /* AppDelegate.swift in Sources */,
				5438F5DF2564041000D12E18 /* API.swift in Sources */,
				5438F5C52563FE3000D12E18 /* SceneDelegate.swift in Sources */,
			);
			runOnlyForDeploymentPostprocessing = 0;
		};
/* End PBXSourcesBuildPhase section */

/* Begin PBXVariantGroup section */
		5438F5C82563FE3000D12E18 /* Main.storyboard */ = {
			isa = PBXVariantGroup;
			children = (
				5438F5C92563FE3000D12E18 /* Base */,
			);
			name = Main.storyboard;
			sourceTree = "<group>";
		};
		5438F5CD2563FE3100D12E18 /* LaunchScreen.storyboard */ = {
			isa = PBXVariantGroup;
			children = (
				5438F5CE2563FE3100D12E18 /* Base */,
			);
			name = LaunchScreen.storyboard;
			sourceTree = "<group>";
		};
/* End PBXVariantGroup section */

/* Begin XCBuildConfiguration section */
		5438F5D12563FE3100D12E18 /* Debug */ = {
			isa = XCBuildConfiguration;
			buildSettings = {
				ALWAYS_SEARCH_USER_PATHS = NO;
				CLANG_ANALYZER_NONNULL = YES;
				CLANG_ANALYZER_NUMBER_OBJECT_CONVERSION = YES_AGGRESSIVE;
				CLANG_CXX_LANGUAGE_STANDARD = "gnu++14";
				CLANG_CXX_LIBRARY = "libc++";
				CLANG_ENABLE_MODULES = YES;
				CLANG_ENABLE_OBJC_ARC = YES;
				CLANG_ENABLE_OBJC_WEAK = YES;
				CLANG_WARN_BLOCK_CAPTURE_AUTORELEASING = YES;
				CLANG_WARN_BOOL_CONVERSION = YES;
				CLANG_WARN_COMMA = YES;
				CLANG_WARN_CONSTANT_CONVERSION = YES;
				CLANG_WARN_DEPRECATED_OBJC_IMPLEMENTATIONS = YES;
				CLANG_WARN_DIRECT_OBJC_ISA_USAGE = YES_ERROR;
				CLANG_WARN_DOCUMENTATION_COMMENTS = YES;
				CLANG_WARN_EMPTY_BODY = YES;
				CLANG_WARN_ENUM_CONVERSION = YES;
				CLANG_WARN_INFINITE_RECURSION = YES;
				CLANG_WARN_INT_CONVERSION = YES;
				CLANG_WARN_NON_LITERAL_NULL_CONVERSION = YES;
				CLANG_WARN_OBJC_IMPLICIT_RETAIN_SELF = YES;
				CLANG_WARN_OBJC_LITERAL_CONVERSION = YES;
				CLANG_WARN_OBJC_ROOT_CLASS = YES_ERROR;
				CLANG_WARN_RANGE_LOOP_ANALYSIS = YES;
				CLANG_WARN_STRICT_PROTOTYPES = YES;
				CLANG_WARN_SUSPICIOUS_MOVE = YES;
				CLANG_WARN_UNGUARDED_AVAILABILITY = YES_AGGRESSIVE;
				CLANG_WARN_UNREACHABLE_CODE = YES;
				CLANG_WARN__DUPLICATE_METHOD_MATCH = YES;
				COPY_PHASE_STRIP = NO;
				DEBUG_INFORMATION_FORMAT = dwarf;
				ENABLE_STRICT_OBJC_MSGSEND = YES;
				ENABLE_TESTABILITY = YES;
				GCC_C_LANGUAGE_STANDARD = gnu11;
				GCC_DYNAMIC_NO_PIC = NO;
				GCC_NO_COMMON_BLOCKS = YES;
				GCC_OPTIMIZATION_LEVEL = 0;
				GCC_PREPROCESSOR_DEFINITIONS = (
					"DEBUG=1",
					"$(inherited)",
				);
				GCC_WARN_64_TO_32_BIT_CONVERSION = YES;
				GCC_WARN_ABOUT_RETURN_TYPE = YES_ERROR;
				GCC_WARN_UNDECLARED_SELECTOR = YES;
				GCC_WARN_UNINITIALIZED_AUTOS = YES_AGGRESSIVE;
				GCC_WARN_UNUSED_FUNCTION = YES;
				GCC_WARN_UNUSED_VARIABLE = YES;
				IPHONEOS_DEPLOYMENT_TARGET = 13.6;
				MTL_ENABLE_DEBUG_INFO = INCLUDE_SOURCE;
				MTL_FAST_MATH = YES;
				ONLY_ACTIVE_ARCH = YES;
				SDKROOT = iphoneos;
				SWIFT_ACTIVE_COMPILATION_CONDITIONS = DEBUG;
				SWIFT_OPTIMIZATION_LEVEL = "-Onone";
			};
			name = Debug;
		};
		5438F5D22563FE3100D12E18 /* Release */ = {
			isa = XCBuildConfiguration;
			buildSettings = {
				ALWAYS_SEARCH_USER_PATHS = NO;
				CLANG_ANALYZER_NONNULL = YES;
				CLANG_ANALYZER_NUMBER_OBJECT_CONVERSION = YES_AGGRESSIVE;
				CLANG_CXX_LANGUAGE_STANDARD = "gnu++14";
				CLANG_CXX_LIBRARY = "libc++";
				CLANG_ENABLE_MODULES = YES;
				CLANG_ENABLE_OBJC_ARC = YES;
				CLANG_ENABLE_OBJC_WEAK = YES;
				CLANG_WARN_BLOCK_CAPTURE_AUTORELEASING = YES;
				CLANG_WARN_BOOL_CONVERSION = YES;
				CLANG_WARN_COMMA = YES;
				CLANG_WARN_CONSTANT_CONVERSION = YES;
				CLANG_WARN_DEPRECATED_OBJC_IMPLEMENTATIONS = YES;
				CLANG_WARN_DIRECT_OBJC_ISA_USAGE = YES_ERROR;
				CLANG_WARN_DOCUMENTATION_COMMENTS = YES;
				CLANG_WARN_EMPTY_BODY = YES;
				CLANG_WARN_ENUM_CONVERSION = YES;
				CLANG_WARN_INFINITE_RECURSION = YES;
				CLANG_WARN_INT_CONVERSION = YES;
				CLANG_WARN_NON_LITERAL_NULL_CONVERSION = YES;
				CLANG_WARN_OBJC_IMPLICIT_RETAIN_SELF = YES;
				CLANG_WARN_OBJC_LITERAL_CONVERSION = YES;
				CLANG_WARN_OBJC_ROOT_CLASS = YES_ERROR;
				CLANG_WARN_RANGE_LOOP_ANALYSIS = YES;
				CLANG_WARN_STRICT_PROTOTYPES = YES;
				CLANG_WARN_SUSPICIOUS_MOVE = YES;
				CLANG_WARN_UNGUARDED_AVAILABILITY = YES_AGGRESSIVE;
				CLANG_WARN_UNREACHABLE_CODE = YES;
				CLANG_WARN__DUPLICATE_METHOD_MATCH = YES;
				COPY_PHASE_STRIP = NO;
				DEBUG_INFORMATION_FORMAT = "dwarf-with-dsym";
				ENABLE_NS_ASSERTIONS = NO;
				ENABLE_STRICT_OBJC_MSGSEND = YES;
				GCC_C_LANGUAGE_STANDARD = gnu11;
				GCC_NO_COMMON_BLOCKS = YES;
				GCC_WARN_64_TO_32_BIT_CONVERSION = YES;
				GCC_WARN_ABOUT_RETURN_TYPE = YES_ERROR;
				GCC_WARN_UNDECLARED_SELECTOR = YES;
				GCC_WARN_UNINITIALIZED_AUTOS = YES_AGGRESSIVE;
				GCC_WARN_UNUSED_FUNCTION = YES;
				GCC_WARN_UNUSED_VARIABLE = YES;
				IPHONEOS_DEPLOYMENT_TARGET = 13.6;
				MTL_ENABLE_DEBUG_INFO = NO;
				MTL_FAST_MATH = YES;
				SDKROOT = iphoneos;
				SWIFT_COMPILATION_MODE = wholemodule;
				SWIFT_OPTIMIZATION_LEVEL = "-O";
				VALIDATE_PRODUCT = YES;
			};
			name = Release;
		};
		5438F5D42563FE3100D12E18 /* Debug */ = {
			isa = XCBuildConfiguration;
			baseConfigurationReference = 2CDED7876ED4BB3A831923E1 /* Pods-PokemonList.debug.xcconfig */;
			buildSettings = {
				ASSETCATALOG_COMPILER_APPICON_NAME = AppIcon;
				CODE_SIGN_STYLE = Automatic;
				DEVELOPMENT_TEAM = 36872U436D;
				INFOPLIST_FILE = PokemonList/Info.plist;
				LD_RUNPATH_SEARCH_PATHS = (
					"$(inherited)",
					"@executable_path/Frameworks",
				);
				PRODUCT_BUNDLE_IDENTIFIER = com.dvdlee.PokemonList;
				PRODUCT_NAME = "$(TARGET_NAME)";
				SWIFT_VERSION = 5.0;
				TARGETED_DEVICE_FAMILY = "1,2";
			};
			name = Debug;
		};
		5438F5D52563FE3100D12E18 /* Release */ = {
			isa = XCBuildConfiguration;
			baseConfigurationReference = 682612B8706268CF206845CF /* Pods-PokemonList.release.xcconfig */;
			buildSettings = {
				ASSETCATALOG_COMPILER_APPICON_NAME = AppIcon;
				CODE_SIGN_STYLE = Automatic;
				DEVELOPMENT_TEAM = 36872U436D;
				INFOPLIST_FILE = PokemonList/Info.plist;
				LD_RUNPATH_SEARCH_PATHS = (
					"$(inherited)",
					"@executable_path/Frameworks",
				);
				PRODUCT_BUNDLE_IDENTIFIER = com.dvdlee.PokemonList;
				PRODUCT_NAME = "$(TARGET_NAME)";
				SWIFT_VERSION = 5.0;
				TARGETED_DEVICE_FAMILY = "1,2";
			};
			name = Release;
		};
/* End XCBuildConfiguration section */

/* Begin XCConfigurationList section */
		5438F5BA2563FE3000D12E18 /* Build configuration list for PBXProject "PokemonList" */ = {
			isa = XCConfigurationList;
			buildConfigurations = (
				5438F5D12563FE3100D12E18 /* Debug */,
				5438F5D22563FE3100D12E18 /* Release */,
			);
			defaultConfigurationIsVisible = 0;
			defaultConfigurationName = Release;
		};
		5438F5D32563FE3100D12E18 /* Build configuration list for PBXNativeTarget "PokemonList" */ = {
			isa = XCConfigurationList;
			buildConfigurations = (
				5438F5D42563FE3100D12E18 /* Debug */,
				5438F5D52563FE3100D12E18 /* Release */,
			);
			defaultConfigurationIsVisible = 0;
			defaultConfigurationName = Release;
		};
/* End XCConfigurationList section */
	};
	rootObject = 5438F5B72563FE3000D12E18 /* Project object */;
}
